
Microsoft Visual Studio Solution File, Format Version 12.00
# Visual Studio Version 17
VisualStudioVersion = 17.3.32825.248
MinimumVisualStudioVersion = 10.0.40219.1
Project("{FAE04EC0-301F-11D3-BF4B-00C04F79EFBC}") = "XpressCashier", "XpressCashier\XpressCashier.csproj", "{0B404BA6-EE31-4B23-ABAE-AC0687C5E111}"
EndProject
Global
	GlobalSection(SolutionConfigurationPlatforms) = preSolution
		Debug|Any CPU = Debug|Any CPU
		Release|Any CPU = Release|Any CPU
	EndGlobalSection
	GlobalSection(ProjectConfigurationPlatforms) = postSolution
		{0B404BA6-EE31-4B23-ABAE-AC0687C5E111}.Debug|Any CPU.ActiveCfg = Debug|Any CPU
		{0B404BA6-EE31-4B23-ABAE-AC0687C5E111}.Debug|Any CPU.Build.0 = Debug|Any CPU
		{0B404BA6-EE31-4B23-ABAE-AC0687C5E111}.Release|Any CPU.ActiveCfg = Release|Any CPU
		{0B404BA6-EE31-4B23-ABAE-AC0687C5E111}.Release|Any CPU.Build.0 = Release|Any CPU
	EndGlobalSection
	GlobalSection(SolutionProperties) = preSolution
		HideSolutionNode = FALSE
	EndGlobalSection
	GlobalSection(ExtensibilityGlobals) = postSolution
		SolutionGuid = {ACB59551-051C-472C-8296-FE3E2E7A7A67}
	EndGlobalSection
EndGlobal
